// !$*UTF8*$!
{
	archiveVersion = 1;
	classes = {
	};
	objectVersion = 50;
	objects = {

/* Begin PBXBuildFile section */
		C8A145F8254D0A7800EB8757 /* SwiftUIMVVMModelObservingApp.swift in Sources */ = {isa = PBXBuildFile; fileRef = C8A145F7254D0A7800EB8757 /* SwiftUIMVVMModelObservingApp.swift */; };
		C8A145FC254D0A7900EB8757 /* Assets.xcassets in Resources */ = {isa = PBXBuildFile; fileRef = C8A145FB254D0A7900EB8757 /* Assets.xcassets */; };
		C8A145FF254D0A7900EB8757 /* Preview Assets.xcassets in Resources */ = {isa = PBXBuildFile; fileRef = C8A145FE254D0A7900EB8757 /* Preview Assets.xcassets */; };
		C8A1460E254FA07100EB8757 /* PackageKVOModelView.swift in Sources */ = {isa = PBXBuildFile; fileRef = C8A1460D254FA07100EB8757 /* PackageKVOModelView.swift */; };
		C8A14611254FA89500EB8757 /* PackageCombineModelView.swift in Sources */ = {isa = PBXBuildFile; fileRef = C8A14610254FA89500EB8757 /* PackageCombineModelView.swift */; };
		C8A14616254FAFF000EB8757 /* PackageObservableModelView.swift in Sources */ = {isa = PBXBuildFile; fileRef = C8A14615254FAFF000EB8757 /* PackageObservableModelView.swift */; };
		C8A14619254FB33600EB8757 /* PackageDynamicMemberLookupModelView.swift in Sources */ = {isa = PBXBuildFile; fileRef = C8A14618254FB33600EB8757 /* PackageDynamicMemberLookupModelView.swift */; };
		C8A1461C254FE6C200EB8757 /* KeyValueObservable.swift in Sources */ = {isa = PBXBuildFile; fileRef = C8A1461B254FE6C200EB8757 /* KeyValueObservable.swift */; };
/* End PBXBuildFile section */

/* Begin PBXFileReference section */
		C8A145F4254D0A7800EB8757 /* SwiftUIMVVMModelObserving.app */ = {isa = PBXFileReference; explicitFileType = wrapper.application; includeInIndex = 0; path = SwiftUIMVVMModelObserving.app; sourceTree = BUILT_PRODUCTS_DIR; };
		C8A145F7254D0A7800EB8757 /* SwiftUIMVVMModelObservingApp.swift */ = {isa = PBXFileReference; lastKnownFileType = sourcecode.swift; path = SwiftUIMVVMModelObservingApp.swift; sourceTree = "<group>"; };
		C8A145FB254D0A7900EB8757 /* Assets.xcassets */ = {isa = PBXFileReference; lastKnownFileType = folder.assetcatalog; path = Assets.xcassets; sourceTree = "<group>"; };
		C8A145FE254D0A7900EB8757 /* Preview Assets.xcassets */ = {isa = PBXFileReference; lastKnownFileType = folder.assetcatalog; path = "Preview Assets.xcassets"; sourceTree = "<group>"; };
		C8A14600254D0A7900EB8757 /* Info.plist */ = {isa = PBXFileReference; lastKnownFileType = text.plist.xml; path = Info.plist; sourceTree = "<group>"; };
		C8A1460D254FA07100EB8757 /* PackageKVOModelView.swift */ = {isa = PBXFileReference; lastKnownFileType = sourcecode.swift; path = PackageKVOModelView.swift; sourceTree = "<group>"; };
		C8A14610254FA89500EB8757 /* PackageCombineModelView.swift */ = {isa = PBXFileReference; lastKnownFileType = sourcecode.swift; path = PackageCombineModelView.swift; sourceTree = "<group>"; };
		C8A14615254FAFF000EB8757 /* PackageObservableModelView.swift */ = {isa = PBXFileReference; lastKnownFileType = sourcecode.swift; path = PackageObservableModelView.swift; sourceTree = "<group>"; };
		C8A14618254FB33600EB8757 /* PackageDynamicMemberLookupModelView.swift */ = {isa = PBXFileReference; lastKnownFileType = sourcecode.swift; path = PackageDynamicMemberLookupModelView.swift; sourceTree = "<group>"; };
		C8A1461B254FE6C200EB8757 /* KeyValueObservable.swift */ = {isa = PBXFileReference; lastKnownFileType = sourcecode.swift; path = KeyValueObservable.swift; sourceTree = "<group>"; };
/* End PBXFileReference section */

/* Begin PBXFrameworksBuildPhase section */
		C8A145F1254D0A7800EB8757 /* Frameworks */ = {
			isa = PBXFrameworksBuildPhase;
			buildActionMask = 2147483647;
			files = (
			);
			runOnlyForDeploymentPostprocessing = 0;
		};
/* End PBXFrameworksBuildPhase section */

/* Begin PBXGroup section */
		C8A145EB254D0A7800EB8757 = {
			isa = PBXGroup;
			children = (
				C8A145F6254D0A7800EB8757 /* SwiftUIMVVMModelObserving */,
				C8A145F5254D0A7800EB8757 /* Products */,
			);
			sourceTree = "<group>";
		};
		C8A145F5254D0A7800EB8757 /* Products */ = {
			isa = PBXGroup;
			children = (
				C8A145F4254D0A7800EB8757 /* SwiftUIMVVMModelObserving.app */,
			);
			name = Products;
			sourceTree = "<group>";
		};
		C8A145F6254D0A7800EB8757 /* SwiftUIMVVMModelObserving */ = {
			isa = PBXGroup;
			children = (
				C8A145F7254D0A7800EB8757 /* SwiftUIMVVMModelObservingApp.swift */,
				C8A1460D254FA07100EB8757 /* PackageKVOModelView.swift */,
				C8A14610254FA89500EB8757 /* PackageCombineModelView.swift */,
				C8A14615254FAFF000EB8757 /* PackageObservableModelView.swift */,
				C8A14618254FB33600EB8757 /* PackageDynamicMemberLookupModelView.swift */,
				C8A1461B254FE6C200EB8757 /* KeyValueObservable.swift */,
				C8A145FB254D0A7900EB8757 /* Assets.xcassets */,
				C8A14600254D0A7900EB8757 /* Info.plist */,
				C8A145FD254D0A7900EB8757 /* Preview Content */,
			);
			path = SwiftUIMVVMModelObserving;
			sourceTree = "<group>";
		};
		C8A145FD254D0A7900EB8757 /* Preview Content */ = {
			isa = PBXGroup;
			children = (
				C8A145FE254D0A7900EB8757 /* Preview Assets.xcassets */,
			);
			path = "Preview Content";
			sourceTree = "<group>";
		};
/* End PBXGroup section */

/* Begin PBXNativeTarget section */
		C8A145F3254D0A7800EB8757 /* SwiftUIMVVMModelObserving */ = {
			isa = PBXNativeTarget;
			buildConfigurationList = C8A14603254D0A7900EB8757 /* Build configuration list for PBXNativeTarget "SwiftUIMVVMModelObserving" */;
			buildPhases = (
				C8A145F0254D0A7800EB8757 /* Sources */,
				C8A145F1254D0A7800EB8757 /* Frameworks */,
				C8A145F2254D0A7800EB8757 /* Resources */,
			);
			buildRules = (
			);
			dependencies = (
			);
			name = SwiftUIMVVMModelObserving;
			productName = SwiftUIMVVMModelObserving;
			productReference = C8A145F4254D0A7800EB8757 /* SwiftUIMVVMModelObserving.app */;
			productType = "com.apple.product-type.application";
		};
/* End PBXNativeTarget section */

/* Begin PBXProject section */
		C8A145EC254D0A7800EB8757 /* Project object */ = {
			isa = PBXProject;
			attributes = {
				LastSwiftUpdateCheck = 1210;
				LastUpgradeCheck = 1210;
				TargetAttributes = {
					C8A145F3254D0A7800EB8757 = {
						CreatedOnToolsVersion = 12.1;
					};
				};
			};
			buildConfigurationList = C8A145EF254D0A7800EB8757 /* Build configuration list for PBXProject "SwiftUIMVVMModelObserving" */;
			compatibilityVersion = "Xcode 9.3";
			developmentRegion = en;
			hasScannedForEncodings = 0;
			knownRegions = (
				en,
				Base,
			);
			mainGroup = C8A145EB254D0A7800EB8757;
			productRefGroup = C8A145F5254D0A7800EB8757 /* Products */;
			projectDirPath = "";
			projectRoot = "";
			targets = (
				C8A145F3254D0A7800EB8757 /* SwiftUIMVVMModelObserving */,
			);
		};
/* End PBXProject section */

/* Begin PBXResourcesBuildPhase section */
		C8A145F2254D0A7800EB8757 /* Resources */ = {
			isa = PBXResourcesBuildPhase;
			buildActionMask = 2147483647;
			files = (
				C8A145FF254D0A7900EB8757 /* Preview Assets.xcassets in Resources */,
				C8A145FC254D0A7900EB8757 /* Assets.xcassets in Resources */,
			);
			runOnlyForDeploymentPostprocessing = 0;
		};
/* End PBXResourcesBuildPhase section */

/* Begin PBXSourcesBuildPhase section */
		C8A145F0254D0A7800EB8757 /* Sources */ = {
			isa = PBXSourcesBuildPhase;
			buildActionMask = 2147483647;
			files = (
				C8A14616254FAFF000EB8757 /* PackageObservableModelView.swift in Sources */,
				C8A14619254FB33600EB8757 /* PackageDynamicMemberLookupModelView.swift in Sources */,
				C8A1460E254FA07100EB8757 /* PackageKVOModelView.swift in Sources */,
				C8A14611254FA89500EB8757 /* PackageCombineModelView.swift in Sources */,
				C8A1461C254FE6C200EB8757 /* KeyValueObservable.swift in Sources */,
				C8A145F8254D0A7800EB8757 /* SwiftUIMVVMModelObservingApp.swift in Sources */,
			);
			runOnlyForDeploymentPostprocessing = 0;
		};
/* End PBXSourcesBuildPhase section */

/* Begin XCBuildConfiguration section */
		C8A14601254D0A7900EB8757 /* Debug */ = {
			isa = XCBuildConfiguration;
			buildSettings = {
				ALWAYS_SEARCH_USER_PATHS = NO;
				CLANG_ANALYZER_NONNULL = YES;
				CLANG_ANALYZER_NUMBER_OBJECT_CONVERSION = YES_AGGRESSIVE;
				CLANG_CXX_LANGUAGE_STANDARD = "gnu++14";
				CLANG_CXX_LIBRARY = "libc++";
				CLANG_ENABLE_MODULES = YES;
				CLANG_ENABLE_OBJC_ARC = YES;
				CLANG_ENABLE_OBJC_WEAK = YES;
				CLANG_WARN_BLOCK_CAPTURE_AUTORELEASING = YES;
				CLANG_WARN_BOOL_CONVERSION = YES;
				CLANG_WARN_COMMA = YES;
				CLANG_WARN_CONSTANT_CONVERSION = YES;
				CLANG_WARN_DEPRECATED_OBJC_IMPLEMENTATIONS = YES;
				CLANG_WARN_DIRECT_OBJC_ISA_USAGE = YES_ERROR;
				CLANG_WARN_DOCUMENTATION_COMMENTS = YES;
				CLANG_WARN_EMPTY_BODY = YES;
				CLANG_WARN_ENUM_CONVERSION = YES;
				CLANG_WARN_INFINITE_RECURSION = YES;
				CLANG_WARN_INT_CONVERSION = YES;
				CLANG_WARN_NON_LITERAL_NULL_CONVERSION = YES;
				CLANG_WARN_OBJC_IMPLICIT_RETAIN_SELF = YES;
				CLANG_WARN_OBJC_LITERAL_CONVERSION = YES;
				CLANG_WARN_OBJC_ROOT_CLASS = YES_ERROR;
				CLANG_WARN_QUOTED_INCLUDE_IN_FRAMEWORK_HEADER = YES;
				CLANG_WARN_RANGE_LOOP_ANALYSIS = YES;
				CLANG_WARN_STRICT_PROTOTYPES = YES;
				CLANG_WARN_SUSPICIOUS_MOVE = YES;
				CLANG_WARN_UNGUARDED_AVAILABILITY = YES_AGGRESSIVE;
				CLANG_WARN_UNREACHABLE_CODE = YES;
				CLANG_WARN__DUPLICATE_METHOD_MATCH = YES;
				COPY_PHASE_STRIP = NO;
				DEBUG_INFORMATION_FORMAT = dwarf;
				ENABLE_STRICT_OBJC_MSGSEND = YES;
				ENABLE_TESTABILITY = YES;
				GCC_C_LANGUAGE_STANDARD = gnu11;
				GCC_DYNAMIC_NO_PIC = NO;
				GCC_NO_COMMON_BLOCKS = YES;
				GCC_OPTIMIZATION_LEVEL = 0;
				GCC_PREPROCESSOR_DEFINITIONS = (
					"DEBUG=1",
					"$(inherited)",
				);
				GCC_WARN_64_TO_32_BIT_CONVERSION = YES;
				GCC_WARN_ABOUT_RETURN_TYPE = YES_ERROR;
				GCC_WARN_UNDECLARED_SELECTOR = YES;
				GCC_WARN_UNINITIALIZED_AUTOS = YES_AGGRESSIVE;
				GCC_WARN_UNUSED_FUNCTION = YES;
				GCC_WARN_UNUSED_VARIABLE = YES;
				IPHONEOS_DEPLOYMENT_TARGET = 14.1;
				MTL_ENABLE_DEBUG_INFO = INCLUDE_SOURCE;
				MTL_FAST_MATH = YES;
				ONLY_ACTIVE_ARCH = YES;
				SDKROOT = iphoneos;
				SWIFT_ACTIVE_COMPILATION_CONDITIONS = DEBUG;
				SWIFT_OPTIMIZATION_LEVEL = "-Onone";
			};
			name = Debug;
		};
		C8A14602254D0A7900EB8757 /* Release */ = {
			isa = XCBuildConfiguration;
			buildSettings = {
				ALWAYS_SEARCH_USER_PATHS = NO;
				CLANG_ANALYZER_NONNULL = YES;
				CLANG_ANALYZER_NUMBER_OBJECT_CONVERSION = YES_AGGRESSIVE;
				CLANG_CXX_LANGUAGE_STANDARD = "gnu++14";
				CLANG_CXX_LIBRARY = "libc++";
				CLANG_ENABLE_MODULES = YES;
				CLANG_ENABLE_OBJC_ARC = YES;
				CLANG_ENABLE_OBJC_WEAK = YES;
				CLANG_WARN_BLOCK_CAPTURE_AUTORELEASING = YES;
				CLANG_WARN_BOOL_CONVERSION = YES;
				CLANG_WARN_COMMA = YES;
				CLANG_WARN_CONSTANT_CONVERSION = YES;
				CLANG_WARN_DEPRECATED_OBJC_IMPLEMENTATIONS = YES;
				CLANG_WARN_DIRECT_OBJC_ISA_USAGE = YES_ERROR;
				CLANG_WARN_DOCUMENTATION_COMMENTS = YES;
				CLANG_WARN_EMPTY_BODY = YES;
				CLANG_WARN_ENUM_CONVERSION = YES;
				CLANG_WARN_INFINITE_RECURSION = YES;
				CLANG_WARN_INT_CONVERSION = YES;
				CLANG_WARN_NON_LITERAL_NULL_CONVERSION = YES;
				CLANG_WARN_OBJC_IMPLICIT_RETAIN_SELF = YES;
				CLANG_WARN_OBJC_LITERAL_CONVERSION = YES;
				CLANG_WARN_OBJC_ROOT_CLASS = YES_ERROR;
				CLANG_WARN_QUOTED_INCLUDE_IN_FRAMEWORK_HEADER = YES;
				CLANG_WARN_RANGE_LOOP_ANALYSIS = YES;
				CLANG_WARN_STRICT_PROTOTYPES = YES;
				CLANG_WARN_SUSPICIOUS_MOVE = YES;
				CLANG_WARN_UNGUARDED_AVAILABILITY = YES_AGGRESSIVE;
				CLANG_WARN_UNREACHABLE_CODE = YES;
				CLANG_WARN__DUPLICATE_METHOD_MATCH = YES;
				COPY_PHASE_STRIP = NO;
				DEBUG_INFORMATION_FORMAT = "dwarf-with-dsym";
				ENABLE_NS_ASSERTIONS = NO;
				ENABLE_STRICT_OBJC_MSGSEND = YES;
				GCC_C_LANGUAGE_STANDARD = gnu11;
				GCC_NO_COMMON_BLOCKS = YES;
				GCC_WARN_64_TO_32_BIT_CONVERSION = YES;
				GCC_WARN_ABOUT_RETURN_TYPE = YES_ERROR;
				GCC_WARN_UNDECLARED_SELECTOR = YES;
				GCC_WARN_UNINITIALIZED_AUTOS = YES_AGGRESSIVE;
				GCC_WARN_UNUSED_FUNCTION = YES;
				GCC_WARN_UNUSED_VARIABLE = YES;
				IPHONEOS_DEPLOYMENT_TARGET = 14.1;
				MTL_ENABLE_DEBUG_INFO = NO;
				MTL_FAST_MATH = YES;
				SDKROOT = iphoneos;
				SWIFT_COMPILATION_MODE = wholemodule;
				SWIFT_OPTIMIZATION_LEVEL = "-O";
				VALIDATE_PRODUCT = YES;
			};
			name = Release;
		};
		C8A14604254D0A7900EB8757 /* Debug */ = {
			isa = XCBuildConfiguration;
			buildSettings = {
				ASSETCATALOG_COMPILER_APPICON_NAME = AppIcon;
				ASSETCATALOG_COMPILER_GLOBAL_ACCENT_COLOR_NAME = AccentColor;
				CODE_SIGN_STYLE = Automatic;
				DEVELOPMENT_ASSET_PATHS = "\"SwiftUIMVVMModelObserving/Preview Content\"";
				ENABLE_PREVIEWS = YES;
				INFOPLIST_FILE = SwiftUIMVVMModelObserving/Info.plist;
				IPHONEOS_DEPLOYMENT_TARGET = 14.0;
				LD_RUNPATH_SEARCH_PATHS = (
					"$(inherited)",
					"@executable_path/Frameworks",
				);
				PRODUCT_BUNDLE_IDENTIFIER = com.augmentedcode.SwiftUIMVVMModelObserving;
				PRODUCT_NAME = "$(TARGET_NAME)";
				SWIFT_VERSION = 5.0;
				TARGETED_DEVICE_FAMILY = "1,2";
			};
			name = Debug;
		};
		C8A14605254D0A7900EB8757 /* Release */ = {
			isa = XCBuildConfiguration;
			buildSettings = {
				ASSETCATALOG_COMPILER_APPICON_NAME = AppIcon;
				ASSETCATALOG_COMPILER_GLOBAL_ACCENT_COLOR_NAME = AccentColor;
				CODE_SIGN_STYLE = Automatic;
				DEVELOPMENT_ASSET_PATHS = "\"SwiftUIMVVMModelObserving/Preview Content\"";
				ENABLE_PREVIEWS = YES;
				INFOPLIST_FILE = SwiftUIMVVMModelObserving/Info.plist;
				IPHONEOS_DEPLOYMENT_TARGET = 14.0;
				LD_RUNPATH_SEARCH_PATHS = (
					"$(inherited)",
					"@executable_path/Frameworks",
				);
				PRODUCT_BUNDLE_IDENTIFIER = com.augmentedcode.SwiftUIMVVMModelObserving;
				PRODUCT_NAME = "$(TARGET_NAME)";
				SWIFT_VERSION = 5.0;
				TARGETED_DEVICE_FAMILY = "1,2";
			};
			name = Release;
		};
/* End XCBuildConfiguration section */

/* Begin XCConfigurationList section */
		C8A145EF254D0A7800EB8757 /* Build configuration list for PBXProject "SwiftUIMVVMModelObserving" */ = {
			isa = XCConfigurationList;
			buildConfigurations = (
				C8A14601254D0A7900EB8757 /* Debug */,
				C8A14602254D0A7900EB8757 /* Release */,
			);
			defaultConfigurationIsVisible = 0;
			defaultConfigurationName = Release;
		};
		C8A14603254D0A7900EB8757 /* Build configuration list for PBXNativeTarget "SwiftUIMVVMModelObserving" */ = {
			isa = XCConfigurationList;
			buildConfigurations = (
				C8A14604254D0A7900EB8757 /* Debug */,
				C8A14605254D0A7900EB8757 /* Release */,
			);
			defaultConfigurationIsVisible = 0;
			defaultConfigurationName = Release;
		};
/* End XCConfigurationList section */
	};
	rootObject = C8A145EC254D0A7800EB8757 /* Project object */;
}
